
Microsoft Visual Studio Solution File, Format Version 11.00
# Visual Web Developer Express 2010
Project("{FAE04EC0-301F-11D3-BF4B-00C04F79EFBC}") = "GenerateAdminPage", "GenerateAdminPage\GenerateAdminPage.csproj", "{56B72C76-9670-4339-AF4D-17A464A45448}"
EndProject
Global
	GlobalSection(SolutionConfigurationPlatforms) = preSolution
		Debug|x86 = Debug|x86
		Release|x86 = Release|x86
	EndGlobalSection
	GlobalSection(ProjectConfigurationPlatforms) = postSolution
		{56B72C76-9670-4339-AF4D-17A464A45448}.Debug|x86.ActiveCfg = Release|x86
		{56B72C76-9670-4339-AF4D-17A464A45448}.Debug|x86.Build.0 = Release|x86
		{56B72C76-9670-4339-AF4D-17A464A45448}.Release|x86.ActiveCfg = Release|x86
		{56B72C76-9670-4339-AF4D-17A464A45448}.Release|x86.Build.0 = Release|x86
	EndGlobalSection
	GlobalSection(SolutionProperties) = preSolution
		HideSolutionNode = FALSE
	EndGlobalSection
EndGlobal
